
Microsoft Visual Studio Solution File, Format Version 12.00
# Visual Studio Version 17
VisualStudioVersion = 17.7.34009.444
MinimumVisualStudioVersion = 10.0.40219.1
Project("{FAE04EC0-301F-11D3-BF4B-00C04F79EFBC}") = "labNetPractica1", "labNetPractica1.csproj", "{D3E9363E-FB68-4A9E-9EFC-933FF28F1FA1}"
EndProject
Global
	GlobalSection(SolutionConfigurationPlatforms) = preSolution
		Debug|Any CPU = Debug|Any CPU
		Release|Any CPU = Release|Any CPU
	EndGlobalSection
	GlobalSection(ProjectConfigurationPlatforms) = postSolution
		{D3E9363E-FB68-4A9E-9EFC-933FF28F1FA1}.Debug|Any CPU.ActiveCfg = Debug|Any CPU
		{D3E9363E-FB68-4A9E-9EFC-933FF28F1FA1}.Debug|Any CPU.Build.0 = Debug|Any CPU
		{D3E9363E-FB68-4A9E-9EFC-933FF28F1FA1}.Release|Any CPU.ActiveCfg = Release|Any CPU
		{D3E9363E-FB68-4A9E-9EFC-933FF28F1FA1}.Release|Any CPU.Build.0 = Release|Any CPU
	EndGlobalSection
	GlobalSection(SolutionProperties) = preSolution
		HideSolutionNode = FALSE
	EndGlobalSection
	GlobalSection(ExtensibilityGlobals) = postSolution
		SolutionGuid = {45D5A4B1-844E-4CFF-A87E-866629F8E214}
	EndGlobalSection
EndGlobal
